
Microsoft Visual Studio Solution File, Format Version 12.00
# Visual Studio Version 17
VisualStudioVersion = 17.1.31903.286
MinimumVisualStudioVersion = 10.0.40219.1
Project("{2150E333-8FDC-42A3-9474-1A3956D46DE8}") = "src", "src", "{1FD9CC4E-895C-4B4E-A698-33C69EFF7445}"
EndProject
Project("{FAE04EC0-301F-11D3-BF4B-00C04F79EFBC}") = "MLTool.Server", "MLTool\Server\MLTool.Server.csproj", "{87AEC4A8-A05F-4A0D-9DA8-CBE62786FCD1}"
EndProject
Project("{FAE04EC0-301F-11D3-BF4B-00C04F79EFBC}") = "MLTool.Client", "MLTool\Client\MLTool.Client.csproj", "{4EE003CD-90FA-4F9E-B33B-6751534EAA0A}"
EndProject
Project("{FAE04EC0-301F-11D3-BF4B-00C04F79EFBC}") = "MLTool.Shared", "MLTool\Shared\MLTool.Shared.csproj", "{77BB84E2-463C-45FB-B209-FE50D84233B9}"
EndProject
Global
	GlobalSection(SolutionConfigurationPlatforms) = preSolution
		Debug|Any CPU = Debug|Any CPU
		Release|Any CPU = Release|Any CPU
	EndGlobalSection
	GlobalSection(ProjectConfigurationPlatforms) = postSolution
		{87AEC4A8-A05F-4A0D-9DA8-CBE62786FCD1}.Debug|Any CPU.ActiveCfg = Debug|Any CPU
		{87AEC4A8-A05F-4A0D-9DA8-CBE62786FCD1}.Debug|Any CPU.Build.0 = Debug|Any CPU
		{87AEC4A8-A05F-4A0D-9DA8-CBE62786FCD1}.Release|Any CPU.ActiveCfg = Release|Any CPU
		{87AEC4A8-A05F-4A0D-9DA8-CBE62786FCD1}.Release|Any CPU.Build.0 = Release|Any CPU
		{4EE003CD-90FA-4F9E-B33B-6751534EAA0A}.Debug|Any CPU.ActiveCfg = Debug|Any CPU
		{4EE003CD-90FA-4F9E-B33B-6751534EAA0A}.Debug|Any CPU.Build.0 = Debug|Any CPU
		{4EE003CD-90FA-4F9E-B33B-6751534EAA0A}.Release|Any CPU.ActiveCfg = Release|Any CPU
		{4EE003CD-90FA-4F9E-B33B-6751534EAA0A}.Release|Any CPU.Build.0 = Release|Any CPU
		{77BB84E2-463C-45FB-B209-FE50D84233B9}.Debug|Any CPU.ActiveCfg = Debug|Any CPU
		{77BB84E2-463C-45FB-B209-FE50D84233B9}.Debug|Any CPU.Build.0 = Debug|Any CPU
		{77BB84E2-463C-45FB-B209-FE50D84233B9}.Release|Any CPU.ActiveCfg = Release|Any CPU
		{77BB84E2-463C-45FB-B209-FE50D84233B9}.Release|Any CPU.Build.0 = Release|Any CPU
	EndGlobalSection
	GlobalSection(SolutionProperties) = preSolution
		HideSolutionNode = FALSE
	EndGlobalSection
	GlobalSection(NestedProjects) = preSolution
		{87AEC4A8-A05F-4A0D-9DA8-CBE62786FCD1} = {1FD9CC4E-895C-4B4E-A698-33C69EFF7445}
		{4EE003CD-90FA-4F9E-B33B-6751534EAA0A} = {1FD9CC4E-895C-4B4E-A698-33C69EFF7445}
		{77BB84E2-463C-45FB-B209-FE50D84233B9} = {1FD9CC4E-895C-4B4E-A698-33C69EFF7445}
	EndGlobalSection
	GlobalSection(ExtensibilityGlobals) = postSolution
		SolutionGuid = {E00A36AF-98DB-440F-A476-84B688B7478B}
	EndGlobalSection
EndGlobal
